
Microsoft Visual Studio Solution File, Format Version 12.00
# Visual Studio 15
VisualStudioVersion = 15.0.28307.106
MinimumVisualStudioVersion = 10.0.40219.1
Project("{FAE04EC0-301F-11D3-BF4B-00C04F79EFBC}") = "Ex1_Questionnaire", "Ex1_Questionnaire\Ex1_Questionnaire.csproj", "{2517D836-2E32-42CF-9911-2AAF46A1DA0A}"
EndProject
Project("{FAE04EC0-301F-11D3-BF4B-00C04F79EFBC}") = "Ex2_Dijkstra", "Ex2_Dijkstra\Ex2_Dijkstra.csproj", "{1C856D6C-C45C-4516-8790-CDFAC4D93D86}"
EndProject
Global
	GlobalSection(SolutionConfigurationPlatforms) = preSolution
		Debug|Any CPU = Debug|Any CPU
		Release|Any CPU = Release|Any CPU
	EndGlobalSection
	GlobalSection(ProjectConfigurationPlatforms) = postSolution
		{2517D836-2E32-42CF-9911-2AAF46A1DA0A}.Debug|Any CPU.ActiveCfg = Debug|Any CPU
		{2517D836-2E32-42CF-9911-2AAF46A1DA0A}.Debug|Any CPU.Build.0 = Debug|Any CPU
		{2517D836-2E32-42CF-9911-2AAF46A1DA0A}.Release|Any CPU.ActiveCfg = Release|Any CPU
		{2517D836-2E32-42CF-9911-2AAF46A1DA0A}.Release|Any CPU.Build.0 = Release|Any CPU
		{1C856D6C-C45C-4516-8790-CDFAC4D93D86}.Debug|Any CPU.ActiveCfg = Debug|Any CPU
		{1C856D6C-C45C-4516-8790-CDFAC4D93D86}.Debug|Any CPU.Build.0 = Debug|Any CPU
		{1C856D6C-C45C-4516-8790-CDFAC4D93D86}.Release|Any CPU.ActiveCfg = Release|Any CPU
		{1C856D6C-C45C-4516-8790-CDFAC4D93D86}.Release|Any CPU.Build.0 = Release|Any CPU
	EndGlobalSection
	GlobalSection(SolutionProperties) = preSolution
		HideSolutionNode = FALSE
	EndGlobalSection
	GlobalSection(ExtensibilityGlobals) = postSolution
		SolutionGuid = {ADEA6742-61D0-4D50-8EBA-CA5A2DBDADB0}
	EndGlobalSection
EndGlobal
